<?xml version="1.0" encoding="utf-8"?>
<Project ToolsVersion="4.0" xmlns="http://schemas.microsoft.com/developer/msbuild/2003">
  <ItemGroup>
    <Filter Include="include">
      <UniqueIdentifier>{dcb7efc9-b86f-4dbd-9189-a3f523204edb}</UniqueIdentifier>
    </Filter>
    <Filter Include="src">
      <UniqueIdentifier>{98f55554-1065-44d0-9ba1-b132c7443299}</UniqueIdentifier>
    </Filter>
  </ItemGroup>
  <ItemGroup>
    <ClInclude Include="parse.hpp">
      <Filter>include</Filter>
    </ClInclude>
  </ItemGroup>
  <ItemGroup>
    <CudaCompile Include="main.cu">
      <Filter>src</Filter>
    </CudaCompile>
    <CudaCompile Include="ncc_microlensing.cuh">
      <Filter>include</Filter>
    </CudaCompile>
    <CudaCompile Include="ncc_read_write_files.cuh">
      <Filter>include</Filter>
    </CudaCompile>
    <CudaCompile Include="complex.cuh">
      <Filter>include</Filter>
    </CudaCompile>
  </ItemGroup>
  <ItemGroup>
    <ClCompile Include="parse.cpp">
      <Filter>src</Filter>
    </ClCompile>
  </ItemGroup>
</Project>